// !$*UTF8*$!
{
	archiveVersion = 1;
	classes = {
	};
	objectVersion = 48;
	objects = {

/* Begin PBXBuildFile section */
		10C8F1CA1FC7E1F900B5E75A /* nc45862.caf in Resources */ = {isa = PBXBuildFile; fileRef = 10C8F1BF1FC7E1F900B5E75A /* nc45862.caf */; };
		F15F299D1FB9BF610062E58D /* AppDelegate.swift in Sources */ = {isa = PBXBuildFile; fileRef = F15F299C1FB9BF610062E58D /* AppDelegate.swift */; };
		F15F299F1FB9BF610062E58D /* ViewController.swift in Sources */ = {isa = PBXBuildFile; fileRef = F15F299E1FB9BF610062E58D /* ViewController.swift */; };
		F15F29A21FB9BF610062E58D /* Main.storyboard in Resources */ = {isa = PBXBuildFile; fileRef = F15F29A01FB9BF610062E58D /* Main.storyboard */; };
		F15F29A41FB9BF610062E58D /* Assets.xcassets in Resources */ = {isa = PBXBuildFile; fileRef = F15F29A31FB9BF610062E58D /* Assets.xcassets */; };
		F15F29A71FB9BF610062E58D /* LaunchScreen.storyboard in Resources */ = {isa = PBXBuildFile; fileRef = F15F29A51FB9BF610062E58D /* LaunchScreen.storyboard */; };
		F1638014208833700084804D /* 悠林館・物産館アイコン.ai in Resources */ = {isa = PBXBuildFile; fileRef = F163800F2088336E0084804D /* 悠林館・物産館アイコン.ai */; };
		F1638015208833700084804D /* iconAppIcon.png in Resources */ = {isa = PBXBuildFile; fileRef = F16380102088336F0084804D /* iconAppIcon.png */; };
		F1638016208833700084804D /* icon2x.png in Resources */ = {isa = PBXBuildFile; fileRef = F16380112088336F0084804D /* icon2x.png */; };
		F1638017208833700084804D /* icon1x.png in Resources */ = {isa = PBXBuildFile; fileRef = F16380122088336F0084804D /* icon1x.png */; };
		F1638018208833700084804D /* icon3x.png in Resources */ = {isa = PBXBuildFile; fileRef = F1638013208833700084804D /* icon3x.png */; };
		F163801B208834500084804D /* Keys in Resources */ = {isa = PBXBuildFile; fileRef = F1638019208834500084804D /* Keys */; };
		F163801C208834500084804D /* 音ネタ in Resources */ = {isa = PBXBuildFile; fileRef = F163801A208834500084804D /* 音ネタ */; };
		F177F4B7202AE56F005A67E1 /* Alamofire.framework in Frameworks */ = {isa = PBXBuildFile; fileRef = F1A9F02D1FC30C9D00946A5C /* Alamofire.framework */; };
		F177F4B8202AE56F005A67E1 /* Alamofire.framework in Embed Frameworks */ = {isa = PBXBuildFile; fileRef = F1A9F02D1FC30C9D00946A5C /* Alamofire.framework */; settings = {ATTRIBUTES = (CodeSignOnCopy, RemoveHeadersOnCopy, ); }; };
		F17AB6D91FC291FE00AF4A91 /* Localizable.strings in Resources */ = {isa = PBXBuildFile; fileRef = F17AB6DB1FC291FE00AF4A91 /* Localizable.strings */; };
		F17AB71D1FC2CE4A00AF4A91 /* Default-568h@2x.png in Resources */ = {isa = PBXBuildFile; fileRef = F17AB71C1FC2CE4A00AF4A91 /* Default-568h@2x.png */; };
/* End PBXBuildFile section */

/* Begin PBXContainerItemProxy section */
		10512CAC2023A60D00079053 /* PBXContainerItemProxy */ = {
			isa = PBXContainerItemProxy;
			containerPortal = F1A9F0211FC30C9C00946A5C /* Alamofire.xcodeproj */;
			proxyType = 1;
			remoteGlobalIDString = F8111E3219A95C8B0040E7D1;
			remoteInfo = "Alamofire iOS";
		};
		F177F4B9202AE56F005A67E1 /* PBXContainerItemProxy */ = {
			isa = PBXContainerItemProxy;
			containerPortal = F1A9F0211FC30C9C00946A5C /* Alamofire.xcodeproj */;
			proxyType = 1;
			remoteGlobalIDString = F8111E3219A95C8B0040E7D1;
			remoteInfo = "Alamofire iOS";
		};
		F1A9F02C1FC30C9D00946A5C /* PBXContainerItemProxy */ = {
			isa = PBXContainerItemProxy;
			containerPortal = F1A9F0211FC30C9C00946A5C /* Alamofire.xcodeproj */;
			proxyType = 2;
			remoteGlobalIDString = F8111E3319A95C8B0040E7D1;
			remoteInfo = "Alamofire iOS";
		};
		F1A9F02E1FC30C9D00946A5C /* PBXContainerItemProxy */ = {
			isa = PBXContainerItemProxy;
			containerPortal = F1A9F0211FC30C9C00946A5C /* Alamofire.xcodeproj */;
			proxyType = 2;
			remoteGlobalIDString = F8111E3E19A95C8B0040E7D1;
			remoteInfo = "Alamofire iOS Tests";
		};
		F1A9F0301FC30C9D00946A5C /* PBXContainerItemProxy */ = {
			isa = PBXContainerItemProxy;
			containerPortal = F1A9F0211FC30C9C00946A5C /* Alamofire.xcodeproj */;
			proxyType = 2;
			remoteGlobalIDString = 4DD67C0B1A5C55C900ED2280;
			remoteInfo = "Alamofire macOS";
		};
		F1A9F0321FC30C9D00946A5C /* PBXContainerItemProxy */ = {
			isa = PBXContainerItemProxy;
			containerPortal = F1A9F0211FC30C9C00946A5C /* Alamofire.xcodeproj */;
			proxyType = 2;
			remoteGlobalIDString = F829C6B21A7A94F100A2CD59;
			remoteInfo = "Alamofire macOS Tests";
		};
		F1A9F0341FC30C9D00946A5C /* PBXContainerItemProxy */ = {
			isa = PBXContainerItemProxy;
			containerPortal = F1A9F0211FC30C9C00946A5C /* Alamofire.xcodeproj */;
			proxyType = 2;
			remoteGlobalIDString = 4CF626EF1BA7CB3E0011A099;
			remoteInfo = "Alamofire tvOS";
		};
		F1A9F0361FC30C9D00946A5C /* PBXContainerItemProxy */ = {
			isa = PBXContainerItemProxy;
			containerPortal = F1A9F0211FC30C9C00946A5C /* Alamofire.xcodeproj */;
			proxyType = 2;
			remoteGlobalIDString = 4CF626F81BA7CB3E0011A099;
			remoteInfo = "Alamofire tvOS Tests";
		};
		F1A9F0381FC30C9D00946A5C /* PBXContainerItemProxy */ = {
			isa = PBXContainerItemProxy;
			containerPortal = F1A9F0211FC30C9C00946A5C /* Alamofire.xcodeproj */;
			proxyType = 2;
			remoteGlobalIDString = E4202FE01B667AA100C997FB;
			remoteInfo = "Alamofire watchOS";
		};
/* End PBXContainerItemProxy section */

/* Begin PBXCopyFilesBuildPhase section */
		106258902021FDB80026BFE6 /* Embed App Extensions */ = {
			isa = PBXCopyFilesBuildPhase;
			buildActionMask = 2147483647;
			dstPath = "";
			dstSubfolderSpec = 13;
			files = (
			);
			name = "Embed App Extensions";
			runOnlyForDeploymentPostprocessing = 0;
		};
		F177F4BB202AE56F005A67E1 /* Embed Frameworks */ = {
			isa = PBXCopyFilesBuildPhase;
			buildActionMask = 2147483647;
			dstPath = "";
			dstSubfolderSpec = 10;
			files = (
				F177F4B8202AE56F005A67E1 /* Alamofire.framework in Embed Frameworks */,
			);
			name = "Embed Frameworks";
			runOnlyForDeploymentPostprocessing = 0;
		};
/* End PBXCopyFilesBuildPhase section */

/* Begin PBXFileReference section */
		106258782021FDB80026BFE6 /* UserNotifications.framework */ = {isa = PBXFileReference; lastKnownFileType = wrapper.framework; name = UserNotifications.framework; path = System/Library/Frameworks/UserNotifications.framework; sourceTree = SDKROOT; };
		1062587A2021FDB80026BFE6 /* UserNotificationsUI.framework */ = {isa = PBXFileReference; lastKnownFileType = wrapper.framework; name = UserNotificationsUI.framework; path = System/Library/Frameworks/UserNotificationsUI.framework; sourceTree = SDKROOT; };
		10C8F1BE1FC7E1F900B5E75A /* nc45862.aif */ = {isa = PBXFileReference; explicitFileType = compiled; path = nc45862.aif; sourceTree = "<group>"; };
		10C8F1BF1FC7E1F900B5E75A /* nc45862.caf */ = {isa = PBXFileReference; explicitFileType = compiled; path = nc45862.caf; sourceTree = "<group>"; };
		10C8F1C01FC7E1F900B5E75A /* nc45862.mp3 */ = {isa = PBXFileReference; explicitFileType = compiled; path = nc45862.mp3; sourceTree = "<group>"; };
		10C8F1C11FC7E1F900B5E75A /* nc45862.xmp */ = {isa = PBXFileReference; explicitFileType = compiled; fileEncoding = 4; path = nc45862.xmp; sourceTree = "<group>"; };
		10C8F1CE1FC7E3BD00B5E75A /* nc45862.caf */ = {isa = PBXFileReference; lastKnownFileType = file; name = nc45862.caf; path = "音ネタ/nc45862.caf"; sourceTree = SOURCE_ROOT; };
		F15F29991FB9BF610062E58D /* Axyio01.app */ = {isa = PBXFileReference; explicitFileType = wrapper.application; includeInIndex = 0; path = Axyio01.app; sourceTree = BUILT_PRODUCTS_DIR; };
		F15F299C1FB9BF610062E58D /* AppDelegate.swift */ = {isa = PBXFileReference; lastKnownFileType = sourcecode.swift; path = AppDelegate.swift; sourceTree = "<group>"; };
		F15F299E1FB9BF610062E58D /* ViewController.swift */ = {isa = PBXFileReference; lastKnownFileType = sourcecode.swift; path = ViewController.swift; sourceTree = "<group>"; };
		F15F29A11FB9BF610062E58D /* Base */ = {isa = PBXFileReference; lastKnownFileType = file.storyboard; name = Base; path = Base.lproj/Main.storyboard; sourceTree = "<group>"; };
		F15F29A31FB9BF610062E58D /* Assets.xcassets */ = {isa = PBXFileReference; lastKnownFileType = folder.assetcatalog; path = Assets.xcassets; sourceTree = "<group>"; };
		F15F29A61FB9BF610062E58D /* Base */ = {isa = PBXFileReference; lastKnownFileType = file.storyboard; name = Base; path = Base.lproj/LaunchScreen.storyboard; sourceTree = "<group>"; };
		F15F29A81FB9BF610062E58D /* Info.plist */ = {isa = PBXFileReference; lastKnownFileType = text.plist.xml; path = Info.plist; sourceTree = "<group>"; };
		F15F29AE1FB9BFA30062E58D /* Axyio01.entitlements */ = {isa = PBXFileReference; lastKnownFileType = text.plist.entitlements; path = Axyio01.entitlements; sourceTree = "<group>"; };
		F163800F2088336E0084804D /* 悠林館・物産館アイコン.ai */ = {isa = PBXFileReference; fileEncoding = 4; lastKnownFileType = text; path = "悠林館・物産館アイコン.ai"; sourceTree = "<group>"; };
		F16380102088336F0084804D /* iconAppIcon.png */ = {isa = PBXFileReference; lastKnownFileType = image.png; path = iconAppIcon.png; sourceTree = "<group>"; };
		F16380112088336F0084804D /* icon2x.png */ = {isa = PBXFileReference; lastKnownFileType = image.png; path = icon2x.png; sourceTree = "<group>"; };
		F16380122088336F0084804D /* icon1x.png */ = {isa = PBXFileReference; lastKnownFileType = image.png; path = icon1x.png; sourceTree = "<group>"; };
		F1638013208833700084804D /* icon3x.png */ = {isa = PBXFileReference; lastKnownFileType = image.png; path = icon3x.png; sourceTree = "<group>"; };
		F1638019208834500084804D /* Keys */ = {isa = PBXFileReference; lastKnownFileType = folder; path = Keys; sourceTree = SOURCE_ROOT; };
		F163801A208834500084804D /* 音ネタ */ = {isa = PBXFileReference; lastKnownFileType = folder; path = "音ネタ"; sourceTree = SOURCE_ROOT; };
		F17AB6DA1FC291FE00AF4A91 /* en */ = {isa = PBXFileReference; lastKnownFileType = text.plist.strings; name = en; path = en.lproj/Localizable.strings; sourceTree = "<group>"; };
		F17AB7181FC2C51200AF4A91 /* buildno.sh */ = {isa = PBXFileReference; explicitFileType = text.script; path = buildno.sh; sourceTree = "<group>"; };
		F17AB71C1FC2CE4A00AF4A91 /* Default-568h@2x.png */ = {isa = PBXFileReference; lastKnownFileType = image.png; path = "Default-568h@2x.png"; sourceTree = "<group>"; };
		F1A9F0211FC30C9C00946A5C /* Alamofire.xcodeproj */ = {isa = PBXFileReference; lastKnownFileType = "wrapper.pb-project"; path = Alamofire.xcodeproj; sourceTree = "<group>"; };
/* End PBXFileReference section */

/* Begin PBXFrameworksBuildPhase section */
		F15F29961FB9BF610062E58D /* Frameworks */ = {
			isa = PBXFrameworksBuildPhase;
			buildActionMask = 2147483647;
			files = (
				F177F4B7202AE56F005A67E1 /* Alamofire.framework in Frameworks */,
			);
			runOnlyForDeploymentPostprocessing = 0;
		};
/* End PBXFrameworksBuildPhase section */

/* Begin PBXGroup section */
		10C8F1BD1FC7E1F900B5E75A /* 音ネタ */ = {
			isa = PBXGroup;
			children = (
				10C8F1BF1FC7E1F900B5E75A /* nc45862.caf */,
				10C8F1BE1FC7E1F900B5E75A /* nc45862.aif */,
				10C8F1C01FC7E1F900B5E75A /* nc45862.mp3 */,
				10C8F1C11FC7E1F900B5E75A /* nc45862.xmp */,
			);
			path = "音ネタ";
			sourceTree = "<group>";
		};
		10C8F1CD1FC7E37700B5E75A /* sound */ = {
			isa = PBXGroup;
			children = (
				F1638019208834500084804D /* Keys */,
				F163801A208834500084804D /* 音ネタ */,
				10C8F1CE1FC7E3BD00B5E75A /* nc45862.caf */,
			);
			path = sound;
			sourceTree = "<group>";
		};
		F1586D47202EE87A008C31C8 /* Keys */ = {
			isa = PBXGroup;
			children = (
			);
			path = Keys;
			sourceTree = "<group>";
		};
		F15F29901FB9BF610062E58D = {
			isa = PBXGroup;
			children = (
				F163800E208832C90084804D /* icon */,
				F1586D47202EE87A008C31C8 /* Keys */,
				10C8F1BD1FC7E1F900B5E75A /* 音ネタ */,
				F17AB7181FC2C51200AF4A91 /* buildno.sh */,
				F17AB71E1FC2D0D800AF4A91 /* Library */,
				F17AB71C1FC2CE4A00AF4A91 /* Default-568h@2x.png */,
				F17AB6DB1FC291FE00AF4A91 /* Localizable.strings */,
				F15F299B1FB9BF610062E58D /* Axyio01_src */,
				F15F299A1FB9BF610062E58D /* Products */,
				F17AB7111FC2B3B500AF4A91 /* Frameworks */,
			);
			sourceTree = "<group>";
		};
		F15F299A1FB9BF610062E58D /* Products */ = {
			isa = PBXGroup;
			children = (
				F15F29991FB9BF610062E58D /* Axyio01.app */,
			);
			name = Products;
			sourceTree = "<group>";
		};
		F15F299B1FB9BF610062E58D /* Axyio01_src */ = {
			isa = PBXGroup;
			children = (
				10C8F1CD1FC7E37700B5E75A /* sound */,
				F15F29AE1FB9BFA30062E58D /* Axyio01.entitlements */,
				F15F299C1FB9BF610062E58D /* AppDelegate.swift */,
				F15F299E1FB9BF610062E58D /* ViewController.swift */,
				F15F29A01FB9BF610062E58D /* Main.storyboard */,
				F15F29A31FB9BF610062E58D /* Assets.xcassets */,
				F15F29A51FB9BF610062E58D /* LaunchScreen.storyboard */,
				F15F29A81FB9BF610062E58D /* Info.plist */,
			);
			path = Axyio01_src;
			sourceTree = "<group>";
		};
		F163800E208832C90084804D /* icon */ = {
			isa = PBXGroup;
			children = (
				F16380122088336F0084804D /* icon1x.png */,
				F16380112088336F0084804D /* icon2x.png */,
				F1638013208833700084804D /* icon3x.png */,
				F16380102088336F0084804D /* iconAppIcon.png */,
				F163800F2088336E0084804D /* 悠林館・物産館アイコン.ai */,
			);
			path = icon;
			sourceTree = "<group>";
		};
		F17AB7111FC2B3B500AF4A91 /* Frameworks */ = {
			isa = PBXGroup;
			children = (
				106258782021FDB80026BFE6 /* UserNotifications.framework */,
				1062587A2021FDB80026BFE6 /* UserNotificationsUI.framework */,
			);
			name = Frameworks;
			sourceTree = "<group>";
		};
		F17AB71E1FC2D0D800AF4A91 /* Library */ = {
			isa = PBXGroup;
			children = (
				F17AB71F1FC2D0E200AF4A91 /* Alamofire */,
			);
			path = Library;
			sourceTree = "<group>";
		};
		F17AB71F1FC2D0E200AF4A91 /* Alamofire */ = {
			isa = PBXGroup;
			children = (
				F1A9F0211FC30C9C00946A5C /* Alamofire.xcodeproj */,
			);
			path = Alamofire;
			sourceTree = "<group>";
		};
		F1A9F0221FC30C9C00946A5C /* Products */ = {
			isa = PBXGroup;
			children = (
				F1A9F02D1FC30C9D00946A5C /* Alamofire.framework */,
				F1A9F02F1FC30C9D00946A5C /* Alamofire iOS Tests.xctest */,
				F1A9F0311FC30C9D00946A5C /* Alamofire.framework */,
				F1A9F0331FC30C9D00946A5C /* Alamofire macOS Tests.xctest */,
				F1A9F0351FC30C9D00946A5C /* Alamofire.framework */,
				F1A9F0371FC30C9D00946A5C /* Alamofire tvOS Tests.xctest */,
				F1A9F0391FC30C9D00946A5C /* Alamofire.framework */,
			);
			name = Products;
			sourceTree = "<group>";
		};
/* End PBXGroup section */

/* Begin PBXNativeTarget section */
		F15F29981FB9BF610062E58D /* Axyio01 */ = {
			isa = PBXNativeTarget;
			buildConfigurationList = F15F29AB1FB9BF610062E58D /* Build configuration list for PBXNativeTarget "Axyio01" */;
			buildPhases = (
				F15F29951FB9BF610062E58D /* Sources */,
				F15F29961FB9BF610062E58D /* Frameworks */,
				F15F29971FB9BF610062E58D /* Resources */,
				106258902021FDB80026BFE6 /* Embed App Extensions */,
				F177F4BB202AE56F005A67E1 /* Embed Frameworks */,
			);
			buildRules = (
			);
			dependencies = (
				10512CAD2023A60D00079053 /* PBXTargetDependency */,
				F177F4BA202AE56F005A67E1 /* PBXTargetDependency */,
			);
			name = Axyio01;
			productName = Axyio01;
			productReference = F15F29991FB9BF610062E58D /* Axyio01.app */;
			productType = "com.apple.product-type.application";
		};
/* End PBXNativeTarget section */

/* Begin PBXProject section */
		F15F29911FB9BF610062E58D /* Project object */ = {
			isa = PBXProject;
			attributes = {
				LastSwiftUpdateCheck = 0920;
				LastUpgradeCheck = 0910;
				ORGANIZATIONNAME = "trifeed inc.";
				TargetAttributes = {
					F15F29981FB9BF610062E58D = {
						CreatedOnToolsVersion = 9.1;
						ProvisioningStyle = Automatic;
						SystemCapabilities = {
							com.apple.BackgroundModes = {
								enabled = 1;
							};
							com.apple.Push = {
								enabled = 1;
							};
						};
					};
				};
			};
			buildConfigurationList = F15F29941FB9BF610062E58D /* Build configuration list for PBXProject "Axyio01" */;
			compatibilityVersion = "Xcode 8.0";
			developmentRegion = en;
			hasScannedForEncodings = 0;
			knownRegions = (
				en,
				Base,
			);
			mainGroup = F15F29901FB9BF610062E58D;
			productRefGroup = F15F299A1FB9BF610062E58D /* Products */;
			projectDirPath = "";
			projectReferences = (
				{
					ProductGroup = F1A9F0221FC30C9C00946A5C /* Products */;
					ProjectRef = F1A9F0211FC30C9C00946A5C /* Alamofire.xcodeproj */;
				},
			);
			projectRoot = "";
			targets = (
				F15F29981FB9BF610062E58D /* Axyio01 */,
			);
		};
/* End PBXProject section */

/* Begin PBXReferenceProxy section */
		F1A9F02D1FC30C9D00946A5C /* Alamofire.framework */ = {
			isa = PBXReferenceProxy;
			fileType = wrapper.framework;
			path = Alamofire.framework;
			remoteRef = F1A9F02C1FC30C9D00946A5C /* PBXContainerItemProxy */;
			sourceTree = BUILT_PRODUCTS_DIR;
		};
		F1A9F02F1FC30C9D00946A5C /* Alamofire iOS Tests.xctest */ = {
			isa = PBXReferenceProxy;
			fileType = wrapper.cfbundle;
			path = "Alamofire iOS Tests.xctest";
			remoteRef = F1A9F02E1FC30C9D00946A5C /* PBXContainerItemProxy */;
			sourceTree = BUILT_PRODUCTS_DIR;
		};
		F1A9F0311FC30C9D00946A5C /* Alamofire.framework */ = {
			isa = PBXReferenceProxy;
			fileType = wrapper.framework;
			path = Alamofire.framework;
			remoteRef = F1A9F0301FC30C9D00946A5C /* PBXContainerItemProxy */;
			sourceTree = BUILT_PRODUCTS_DIR;
		};
		F1A9F0331FC30C9D00946A5C /* Alamofire macOS Tests.xctest */ = {
			isa = PBXReferenceProxy;
			fileType = wrapper.cfbundle;
			path = "Alamofire macOS Tests.xctest";
			remoteRef = F1A9F0321FC30C9D00946A5C /* PBXContainerItemProxy */;
			sourceTree = BUILT_PRODUCTS_DIR;
		};
		F1A9F0351FC30C9D00946A5C /* Alamofire.framework */ = {
			isa = PBXReferenceProxy;
			fileType = wrapper.framework;
			path = Alamofire.framework;
			remoteRef = F1A9F0341FC30C9D00946A5C /* PBXContainerItemProxy */;
			sourceTree = BUILT_PRODUCTS_DIR;
		};
		F1A9F0371FC30C9D00946A5C /* Alamofire tvOS Tests.xctest */ = {
			isa = PBXReferenceProxy;
			fileType = wrapper.cfbundle;
			path = "Alamofire tvOS Tests.xctest";
			remoteRef = F1A9F0361FC30C9D00946A5C /* PBXContainerItemProxy */;
			sourceTree = BUILT_PRODUCTS_DIR;
		};
		F1A9F0391FC30C9D00946A5C /* Alamofire.framework */ = {
			isa = PBXReferenceProxy;
			fileType = wrapper.framework;
			path = Alamofire.framework;
			remoteRef = F1A9F0381FC30C9D00946A5C /* PBXContainerItemProxy */;
			sourceTree = BUILT_PRODUCTS_DIR;
		};
/* End PBXReferenceProxy section */

/* Begin PBXResourcesBuildPhase section */
		F15F29971FB9BF610062E58D /* Resources */ = {
			isa = PBXResourcesBuildPhase;
			buildActionMask = 2147483647;
			files = (
				F1638016208833700084804D /* icon2x.png in Resources */,
				F1638018208833700084804D /* icon3x.png in Resources */,
				F1638014208833700084804D /* 悠林館・物産館アイコン.ai in Resources */,
				10C8F1CA1FC7E1F900B5E75A /* nc45862.caf in Resources */,
				F163801B208834500084804D /* Keys in Resources */,
				F17AB6D91FC291FE00AF4A91 /* Localizable.strings in Resources */,
				F1638017208833700084804D /* icon1x.png in Resources */,
				F15F29A71FB9BF610062E58D /* LaunchScreen.storyboard in Resources */,
				F15F29A41FB9BF610062E58D /* Assets.xcassets in Resources */,
				F17AB71D1FC2CE4A00AF4A91 /* Default-568h@2x.png in Resources */,
				F15F29A21FB9BF610062E58D /* Main.storyboard in Resources */,
				F1638015208833700084804D /* iconAppIcon.png in Resources */,
				F163801C208834500084804D /* 音ネタ in Resources */,
			);
			runOnlyForDeploymentPostprocessing = 0;
		};
/* End PBXResourcesBuildPhase section */

/* Begin PBXSourcesBuildPhase section */
		F15F29951FB9BF610062E58D /* Sources */ = {
			isa = PBXSourcesBuildPhase;
			buildActionMask = 2147483647;
			files = (
				F15F299F1FB9BF610062E58D /* ViewController.swift in Sources */,
				F15F299D1FB9BF610062E58D /* AppDelegate.swift in Sources */,
			);
			runOnlyForDeploymentPostprocessing = 0;
		};
/* End PBXSourcesBuildPhase section */

/* Begin PBXTargetDependency section */
		10512CAD2023A60D00079053 /* PBXTargetDependency */ = {
			isa = PBXTargetDependency;
			name = "Alamofire iOS";
			targetProxy = 10512CAC2023A60D00079053 /* PBXContainerItemProxy */;
		};
		F177F4BA202AE56F005A67E1 /* PBXTargetDependency */ = {
			isa = PBXTargetDependency;
			name = "Alamofire iOS";
			targetProxy = F177F4B9202AE56F005A67E1 /* PBXContainerItemProxy */;
		};
/* End PBXTargetDependency section */

/* Begin PBXVariantGroup section */
		F15F29A01FB9BF610062E58D /* Main.storyboard */ = {
			isa = PBXVariantGroup;
			children = (
				F15F29A11FB9BF610062E58D /* Base */,
			);
			name = Main.storyboard;
			sourceTree = "<group>";
		};
		F15F29A51FB9BF610062E58D /* LaunchScreen.storyboard */ = {
			isa = PBXVariantGroup;
			children = (
				F15F29A61FB9BF610062E58D /* Base */,
			);
			name = LaunchScreen.storyboard;
			sourceTree = "<group>";
		};
		F17AB6DB1FC291FE00AF4A91 /* Localizable.strings */ = {
			isa = PBXVariantGroup;
			children = (
				F17AB6DA1FC291FE00AF4A91 /* en */,
			);
			name = Localizable.strings;
			sourceTree = "<group>";
		};
/* End PBXVariantGroup section */

/* Begin XCBuildConfiguration section */
		F15F29A91FB9BF610062E58D /* Debug */ = {
			isa = XCBuildConfiguration;
			buildSettings = {
				ALWAYS_SEARCH_USER_PATHS = NO;
				CLANG_ANALYZER_NONNULL = YES;
				CLANG_ANALYZER_NUMBER_OBJECT_CONVERSION = YES_AGGRESSIVE;
				CLANG_CXX_LANGUAGE_STANDARD = "gnu++14";
				CLANG_CXX_LIBRARY = "libc++";
				CLANG_ENABLE_MODULES = YES;
				CLANG_ENABLE_OBJC_ARC = YES;
				CLANG_WARN_BLOCK_CAPTURE_AUTORELEASING = YES;
				CLANG_WARN_BOOL_CONVERSION = YES;
				CLANG_WARN_COMMA = YES;
				CLANG_WARN_CONSTANT_CONVERSION = YES;
				CLANG_WARN_DIRECT_OBJC_ISA_USAGE = YES_ERROR;
				CLANG_WARN_DOCUMENTATION_COMMENTS = YES;
				CLANG_WARN_EMPTY_BODY = YES;
				CLANG_WARN_ENUM_CONVERSION = YES;
				CLANG_WARN_INFINITE_RECURSION = YES;
				CLANG_WARN_INT_CONVERSION = YES;
				CLANG_WARN_NON_LITERAL_NULL_CONVERSION = YES;
				CLANG_WARN_OBJC_LITERAL_CONVERSION = YES;
				CLANG_WARN_OBJC_ROOT_CLASS = YES_ERROR;
				CLANG_WARN_RANGE_LOOP_ANALYSIS = YES;
				CLANG_WARN_STRICT_PROTOTYPES = YES;
				CLANG_WARN_SUSPICIOUS_MOVE = YES;
				CLANG_WARN_UNGUARDED_AVAILABILITY = YES_AGGRESSIVE;
				CLANG_WARN_UNREACHABLE_CODE = YES;
				CLANG_WARN__DUPLICATE_METHOD_MATCH = YES;
				CODE_SIGN_IDENTITY = "iPhone Developer";
				COPY_PHASE_STRIP = NO;
				DEBUG_INFORMATION_FORMAT = dwarf;
				ENABLE_STRICT_OBJC_MSGSEND = YES;
				ENABLE_TESTABILITY = YES;
				GCC_C_LANGUAGE_STANDARD = gnu11;
				GCC_DYNAMIC_NO_PIC = NO;
				GCC_NO_COMMON_BLOCKS = YES;
				GCC_OPTIMIZATION_LEVEL = 0;
				GCC_PREPROCESSOR_DEFINITIONS = (
					"DEBUG=1",
					"$(inherited)",
				);
				GCC_WARN_64_TO_32_BIT_CONVERSION = YES;
				GCC_WARN_ABOUT_RETURN_TYPE = YES_ERROR;
				GCC_WARN_UNDECLARED_SELECTOR = YES;
				GCC_WARN_UNINITIALIZED_AUTOS = YES_AGGRESSIVE;
				GCC_WARN_UNUSED_FUNCTION = YES;
				GCC_WARN_UNUSED_VARIABLE = YES;
				INFOPLIST_PREPROCESS = YES;
				IPHONEOS_DEPLOYMENT_TARGET = 10.0;
				MTL_ENABLE_DEBUG_INFO = YES;
				ONLY_ACTIVE_ARCH = YES;
				SDKROOT = iphoneos;
				SWIFT_ACTIVE_COMPILATION_CONDITIONS = DEBUG;
				SWIFT_OPTIMIZATION_LEVEL = "-Onone";
			};
			name = Debug;
		};
		F15F29AA1FB9BF610062E58D /* Release */ = {
			isa = XCBuildConfiguration;
			buildSettings = {
				ALWAYS_SEARCH_USER_PATHS = NO;
				CLANG_ANALYZER_NONNULL = YES;
				CLANG_ANALYZER_NUMBER_OBJECT_CONVERSION = YES_AGGRESSIVE;
				CLANG_CXX_LANGUAGE_STANDARD = "gnu++14";
				CLANG_CXX_LIBRARY = "libc++";
				CLANG_ENABLE_MODULES = YES;
				CLANG_ENABLE_OBJC_ARC = YES;
				CLANG_WARN_BLOCK_CAPTURE_AUTORELEASING = YES;
				CLANG_WARN_BOOL_CONVERSION = YES;
				CLANG_WARN_COMMA = YES;
				CLANG_WARN_CONSTANT_CONVERSION = YES;
				CLANG_WARN_DIRECT_OBJC_ISA_USAGE = YES_ERROR;
				CLANG_WARN_DOCUMENTATION_COMMENTS = YES;
				CLANG_WARN_EMPTY_BODY = YES;
				CLANG_WARN_ENUM_CONVERSION = YES;
				CLANG_WARN_INFINITE_RECURSION = YES;
				CLANG_WARN_INT_CONVERSION = YES;
				CLANG_WARN_NON_LITERAL_NULL_CONVERSION = YES;
				CLANG_WARN_OBJC_LITERAL_CONVERSION = YES;
				CLANG_WARN_OBJC_ROOT_CLASS = YES_ERROR;
				CLANG_WARN_RANGE_LOOP_ANALYSIS = YES;
				CLANG_WARN_STRICT_PROTOTYPES = YES;
				CLANG_WARN_SUSPICIOUS_MOVE = YES;
				CLANG_WARN_UNGUARDED_AVAILABILITY = YES_AGGRESSIVE;
				CLANG_WARN_UNREACHABLE_CODE = YES;
				CLANG_WARN__DUPLICATE_METHOD_MATCH = YES;
				CODE_SIGN_IDENTITY = "iPhone Developer";
				COPY_PHASE_STRIP = NO;
				DEBUG_INFORMATION_FORMAT = "dwarf-with-dsym";
				ENABLE_NS_ASSERTIONS = NO;
				ENABLE_STRICT_OBJC_MSGSEND = YES;
				GCC_C_LANGUAGE_STANDARD = gnu11;
				GCC_NO_COMMON_BLOCKS = YES;
				GCC_WARN_64_TO_32_BIT_CONVERSION = YES;
				GCC_WARN_ABOUT_RETURN_TYPE = YES_ERROR;
				GCC_WARN_UNDECLARED_SELECTOR = YES;
				GCC_WARN_UNINITIALIZED_AUTOS = YES_AGGRESSIVE;
				GCC_WARN_UNUSED_FUNCTION = YES;
				GCC_WARN_UNUSED_VARIABLE = YES;
				INFOPLIST_PREPROCESS = YES;
				IPHONEOS_DEPLOYMENT_TARGET = 10.0;
				MTL_ENABLE_DEBUG_INFO = NO;
				SDKROOT = iphoneos;
				SWIFT_OPTIMIZATION_LEVEL = "-Owholemodule";
				VALIDATE_PRODUCT = YES;
			};
			name = Release;
		};
		F15F29AC1FB9BF610062E58D /* Debug */ = {
			isa = XCBuildConfiguration;
			buildSettings = {
				ALWAYS_EMBED_SWIFT_STANDARD_LIBRARIES = YES;
				ASSETCATALOG_COMPILER_APPICON_NAME = AppIcon;
				CODE_SIGN_ENTITLEMENTS = Axyio01_src/Axyio01.entitlements;
				"CODE_SIGN_IDENTITY[sdk=iphoneos*]" = "iPhone Developer";
				CODE_SIGN_STYLE = Automatic;
				DEVELOPMENT_TEAM = 386WB756R9;
				INFOPLIST_FILE = "$(SRCROOT)/Axyio01_src/Info.plist";
				INFOPLIST_PREPROCESS = YES;
				IPHONEOS_DEPLOYMENT_TARGET = 10.0;
				LD_RUNPATH_SEARCH_PATHS = "$(inherited) @executable_path/Frameworks";
				ONLY_ACTIVE_ARCH = NO;
				"OTHER_SWIFT_FLAGS[arch=*]" = "-DDEBUG";
				PRODUCT_BUNDLE_IDENTIFIER = "com.coi-coi.ios.Axyio001";
				PRODUCT_NAME = "$(TARGET_NAME)";
				PROVISIONING_PROFILE = "";
				PROVISIONING_PROFILE_SPECIFIER = "";
				SWIFT_VERSION = 4.0;
				TARGETED_DEVICE_FAMILY = 1;
			};
			name = Debug;
		};
		F15F29AD1FB9BF610062E58D /* Release */ = {
			isa = XCBuildConfiguration;
			buildSettings = {
				ALWAYS_EMBED_SWIFT_STANDARD_LIBRARIES = YES;
				ASSETCATALOG_COMPILER_APPICON_NAME = AppIcon;
				CODE_SIGN_ENTITLEMENTS = Axyio01_src/Axyio01.entitlements;
				"CODE_SIGN_IDENTITY[sdk=iphoneos*]" = "iPhone Developer";
				CODE_SIGN_STYLE = Automatic;
				DEVELOPMENT_TEAM = 386WB756R9;
				INFOPLIST_FILE = "$(SRCROOT)/Axyio01_src/Info.plist";
				INFOPLIST_PREPROCESS = YES;
				IPHONEOS_DEPLOYMENT_TARGET = 10.0;
				LD_RUNPATH_SEARCH_PATHS = "$(inherited) @executable_path/Frameworks";
				ONLY_ACTIVE_ARCH = NO;
				PRODUCT_BUNDLE_IDENTIFIER = "com.coi-coi.ios.Axyio001";
				PRODUCT_NAME = "$(TARGET_NAME)";
				PROVISIONING_PROFILE = "";
				PROVISIONING_PROFILE_SPECIFIER = "";
				SWIFT_VERSION = 4.0;
				TARGETED_DEVICE_FAMILY = 1;
			};
			name = Release;
		};
/* End XCBuildConfiguration section */

/* Begin XCConfigurationList section */
		F15F29941FB9BF610062E58D /* Build configuration list for PBXProject "Axyio01" */ = {
			isa = XCConfigurationList;
			buildConfigurations = (
				F15F29A91FB9BF610062E58D /* Debug */,
				F15F29AA1FB9BF610062E58D /* Release */,
			);
			defaultConfigurationIsVisible = 0;
			defaultConfigurationName = Release;
		};
		F15F29AB1FB9BF610062E58D /* Build configuration list for PBXNativeTarget "Axyio01" */ = {
			isa = XCConfigurationList;
			buildConfigurations = (
				F15F29AC1FB9BF610062E58D /* Debug */,
				F15F29AD1FB9BF610062E58D /* Release */,
			);
			defaultConfigurationIsVisible = 0;
			defaultConfigurationName = Release;
		};
/* End XCConfigurationList section */
	};
	rootObject = F15F29911FB9BF610062E58D /* Project object */;
}
